// !$*UTF8*$!
{
	archiveVersion = 1;
	classes = {
	};
	objectVersion = 47;
	objects = {

/* Begin PBXBuildFile section */
		752379B41B3F8FCE00EEFEB9 /* ScrollableImageViewController.swift in Sources */ = {isa = PBXBuildFile; fileRef = 752379B31B3F8FCE00EEFEB9 /* ScrollableImageViewController.swift */; };
		7523BC3D1B384E9400F9C3FD /* AppDelegate.swift in Sources */ = {isa = PBXBuildFile; fileRef = 7523BC3C1B384E9400F9C3FD /* AppDelegate.swift */; };
		7523BC3F1B384E9400F9C3FD /* ViewController.swift in Sources */ = {isa = PBXBuildFile; fileRef = 7523BC3E1B384E9400F9C3FD /* ViewController.swift */; };
		7523BC421B384E9400F9C3FD /* Main.storyboard in Resources */ = {isa = PBXBuildFile; fileRef = 7523BC401B384E9400F9C3FD /* Main.storyboard */; };
		7523BC441B384E9400F9C3FD /* Images.xcassets in Resources */ = {isa = PBXBuildFile; fileRef = 7523BC431B384E9400F9C3FD /* Images.xcassets */; };
		7523BC471B384E9400F9C3FD /* LaunchScreen.xib in Resources */ = {isa = PBXBuildFile; fileRef = 7523BC451B384E9400F9C3FD /* LaunchScreen.xib */; };
		7523BC531B384E9400F9C3FD /* SmashTagTests.swift in Sources */ = {isa = PBXBuildFile; fileRef = 7523BC521B384E9400F9C3FD /* SmashTagTests.swift */; };
		7523BC5D1B384F8400F9C3FD /* TweetTableViewController.swift in Sources */ = {isa = PBXBuildFile; fileRef = 7523BC5C1B384F8400F9C3FD /* TweetTableViewController.swift */; };
		754C4FCA1B3B5C6D00027D05 /* TweetMentionTableViewController.swift in Sources */ = {isa = PBXBuildFile; fileRef = 754C4FC91B3B5C6D00027D05 /* TweetMentionTableViewController.swift */; };
		754C4FCC1B3BB4D300027D05 /* MentionTableViewCell.swift in Sources */ = {isa = PBXBuildFile; fileRef = 754C4FCB1B3BB4D300027D05 /* MentionTableViewCell.swift */; };
		755641CA1B386DF5007F964F /* TweetTableViewCell.swift in Sources */ = {isa = PBXBuildFile; fileRef = 755641C91B386DF5007F964F /* TweetTableViewCell.swift */; };
		75F192FC1B3860A400DE81D5 /* MediaItem.swift in Sources */ = {isa = PBXBuildFile; fileRef = 75F192F81B3860A400DE81D5 /* MediaItem.swift */; };
		75F192FD1B3860A400DE81D5 /* Tweet.swift in Sources */ = {isa = PBXBuildFile; fileRef = 75F192F91B3860A400DE81D5 /* Tweet.swift */; };
		75F192FE1B3860A400DE81D5 /* TwitterRequest.swift in Sources */ = {isa = PBXBuildFile; fileRef = 75F192FA1B3860A400DE81D5 /* TwitterRequest.swift */; };
		75F192FF1B3860A400DE81D5 /* User.swift in Sources */ = {isa = PBXBuildFile; fileRef = 75F192FB1B3860A400DE81D5 /* User.swift */; };
/* End PBXBuildFile section */

/* Begin PBXContainerItemProxy section */
		7523BC4D1B384E9400F9C3FD /* PBXContainerItemProxy */ = {
			isa = PBXContainerItemProxy;
			containerPortal = 7523BC2F1B384E9400F9C3FD /* Project object */;
			proxyType = 1;
			remoteGlobalIDString = 7523BC361B384E9400F9C3FD;
			remoteInfo = SmashTag;
		};
/* End PBXContainerItemProxy section */

/* Begin PBXFileReference section */
		752379B31B3F8FCE00EEFEB9 /* ScrollableImageViewController.swift */ = {isa = PBXFileReference; fileEncoding = 4; lastKnownFileType = sourcecode.swift; path = ScrollableImageViewController.swift; sourceTree = "<group>"; };
		7523BC371B384E9400F9C3FD /* SmashTag.app */ = {isa = PBXFileReference; explicitFileType = wrapper.application; includeInIndex = 0; path = SmashTag.app; sourceTree = BUILT_PRODUCTS_DIR; };
		7523BC3B1B384E9400F9C3FD /* Info.plist */ = {isa = PBXFileReference; lastKnownFileType = text.plist.xml; path = Info.plist; sourceTree = "<group>"; };
		7523BC3C1B384E9400F9C3FD /* AppDelegate.swift */ = {isa = PBXFileReference; lastKnownFileType = sourcecode.swift; path = AppDelegate.swift; sourceTree = "<group>"; };
		7523BC3E1B384E9400F9C3FD /* ViewController.swift */ = {isa = PBXFileReference; lastKnownFileType = sourcecode.swift; path = ViewController.swift; sourceTree = "<group>"; };
		7523BC411B384E9400F9C3FD /* Base */ = {isa = PBXFileReference; lastKnownFileType = file.storyboard; name = Base; path = Base.lproj/Main.storyboard; sourceTree = "<group>"; };
		7523BC431B384E9400F9C3FD /* Images.xcassets */ = {isa = PBXFileReference; lastKnownFileType = folder.assetcatalog; path = Images.xcassets; sourceTree = "<group>"; };
		7523BC461B384E9400F9C3FD /* Base */ = {isa = PBXFileReference; lastKnownFileType = file.xib; name = Base; path = Base.lproj/LaunchScreen.xib; sourceTree = "<group>"; };
		7523BC4C1B384E9400F9C3FD /* SmashTagTests.xctest */ = {isa = PBXFileReference; explicitFileType = wrapper.cfbundle; includeInIndex = 0; path = SmashTagTests.xctest; sourceTree = BUILT_PRODUCTS_DIR; };
		7523BC511B384E9400F9C3FD /* Info.plist */ = {isa = PBXFileReference; lastKnownFileType = text.plist.xml; path = Info.plist; sourceTree = "<group>"; };
		7523BC521B384E9400F9C3FD /* SmashTagTests.swift */ = {isa = PBXFileReference; lastKnownFileType = sourcecode.swift; path = SmashTagTests.swift; sourceTree = "<group>"; };
		7523BC5C1B384F8400F9C3FD /* TweetTableViewController.swift */ = {isa = PBXFileReference; fileEncoding = 4; lastKnownFileType = sourcecode.swift; path = TweetTableViewController.swift; sourceTree = "<group>"; };
		754C4FC91B3B5C6D00027D05 /* TweetMentionTableViewController.swift */ = {isa = PBXFileReference; fileEncoding = 4; lastKnownFileType = sourcecode.swift; path = TweetMentionTableViewController.swift; sourceTree = "<group>"; };
		754C4FCB1B3BB4D300027D05 /* MentionTableViewCell.swift */ = {isa = PBXFileReference; fileEncoding = 4; lastKnownFileType = sourcecode.swift; path = MentionTableViewCell.swift; sourceTree = "<group>"; };
		755641C91B386DF5007F964F /* TweetTableViewCell.swift */ = {isa = PBXFileReference; fileEncoding = 4; lastKnownFileType = sourcecode.swift; path = TweetTableViewCell.swift; sourceTree = "<group>"; };
		75F192F81B3860A400DE81D5 /* MediaItem.swift */ = {isa = PBXFileReference; fileEncoding = 4; lastKnownFileType = sourcecode.swift; path = MediaItem.swift; sourceTree = "<group>"; };
		75F192F91B3860A400DE81D5 /* Tweet.swift */ = {isa = PBXFileReference; fileEncoding = 4; lastKnownFileType = sourcecode.swift; path = Tweet.swift; sourceTree = "<group>"; };
		75F192FA1B3860A400DE81D5 /* TwitterRequest.swift */ = {isa = PBXFileReference; fileEncoding = 4; lastKnownFileType = sourcecode.swift; path = TwitterRequest.swift; sourceTree = "<group>"; };
		75F192FB1B3860A400DE81D5 /* User.swift */ = {isa = PBXFileReference; fileEncoding = 4; lastKnownFileType = sourcecode.swift; path = User.swift; sourceTree = "<group>"; };
/* End PBXFileReference section */

/* Begin PBXFrameworksBuildPhase section */
		7523BC341B384E9400F9C3FD /* Frameworks */ = {
			isa = PBXFrameworksBuildPhase;
			buildActionMask = 2147483647;
			files = (
			);
			runOnlyForDeploymentPostprocessing = 0;
		};
		7523BC491B384E9400F9C3FD /* Frameworks */ = {
			isa = PBXFrameworksBuildPhase;
			buildActionMask = 2147483647;
			files = (
			);
			runOnlyForDeploymentPostprocessing = 0;
		};
/* End PBXFrameworksBuildPhase section */

/* Begin PBXGroup section */
		7523BC2E1B384E9400F9C3FD = {
			isa = PBXGroup;
			children = (
				7523BC391B384E9400F9C3FD /* SmashTag */,
				7523BC4F1B384E9400F9C3FD /* SmashTagTests */,
				7523BC381B384E9400F9C3FD /* Products */,
			);
			sourceTree = "<group>";
		};
		7523BC381B384E9400F9C3FD /* Products */ = {
			isa = PBXGroup;
			children = (
				7523BC371B384E9400F9C3FD /* SmashTag.app */,
				7523BC4C1B384E9400F9C3FD /* SmashTagTests.xctest */,
			);
			name = Products;
			sourceTree = "<group>";
		};
		7523BC391B384E9400F9C3FD /* SmashTag */ = {
			isa = PBXGroup;
			children = (
				7523BC3E1B384E9400F9C3FD /* ViewController.swift */,
				7523BC401B384E9400F9C3FD /* Main.storyboard */,
				752379B31B3F8FCE00EEFEB9 /* ScrollableImageViewController.swift */,
				754C4FC91B3B5C6D00027D05 /* TweetMentionTableViewController.swift */,
				754C4FCB1B3BB4D300027D05 /* MentionTableViewCell.swift */,
				755641C91B386DF5007F964F /* TweetTableViewCell.swift */,
				7523BC5C1B384F8400F9C3FD /* TweetTableViewController.swift */,
				75F192F71B38606F00DE81D5 /* Twitter */,
				7523BC3A1B384E9400F9C3FD /* Supporting Files */,
			);
			path = SmashTag;
			sourceTree = "<group>";
		};
		7523BC3A1B384E9400F9C3FD /* Supporting Files */ = {
			isa = PBXGroup;
			children = (
				7523BC451B384E9400F9C3FD /* LaunchScreen.xib */,
				7523BC3C1B384E9400F9C3FD /* AppDelegate.swift */,
				7523BC431B384E9400F9C3FD /* Images.xcassets */,
				7523BC3B1B384E9400F9C3FD /* Info.plist */,
			);
			name = "Supporting Files";
			sourceTree = "<group>";
		};
		7523BC4F1B384E9400F9C3FD /* SmashTagTests */ = {
			isa = PBXGroup;
			children = (
				7523BC521B384E9400F9C3FD /* SmashTagTests.swift */,
				7523BC501B384E9400F9C3FD /* Supporting Files */,
			);
			path = SmashTagTests;
			sourceTree = "<group>";
		};
		7523BC501B384E9400F9C3FD /* Supporting Files */ = {
			isa = PBXGroup;
			children = (
				7523BC511B384E9400F9C3FD /* Info.plist */,
			);
			name = "Supporting Files";
			sourceTree = "<group>";
		};
		75F192F71B38606F00DE81D5 /* Twitter */ = {
			isa = PBXGroup;
			children = (
				75F192F81B3860A400DE81D5 /* MediaItem.swift */,
				75F192F91B3860A400DE81D5 /* Tweet.swift */,
				75F192FA1B3860A400DE81D5 /* TwitterRequest.swift */,
				75F192FB1B3860A400DE81D5 /* User.swift */,
			);
			name = Twitter;
			sourceTree = "<group>";
		};
/* End PBXGroup section */

/* Begin PBXNativeTarget section */
		7523BC361B384E9400F9C3FD /* SmashTag */ = {
			isa = PBXNativeTarget;
			buildConfigurationList = 7523BC561B384E9400F9C3FD /* Build configuration list for PBXNativeTarget "SmashTag" */;
			buildPhases = (
				7523BC331B384E9400F9C3FD /* Sources */,
				7523BC341B384E9400F9C3FD /* Frameworks */,
				7523BC351B384E9400F9C3FD /* Resources */,
			);
			buildRules = (
			);
			dependencies = (
			);
			name = SmashTag;
			productName = SmashTag;
			productReference = 7523BC371B384E9400F9C3FD /* SmashTag.app */;
			productType = "com.apple.product-type.application";
		};
		7523BC4B1B384E9400F9C3FD /* SmashTagTests */ = {
			isa = PBXNativeTarget;
			buildConfigurationList = 7523BC591B384E9400F9C3FD /* Build configuration list for PBXNativeTarget "SmashTagTests" */;
			buildPhases = (
				7523BC481B384E9400F9C3FD /* Sources */,
				7523BC491B384E9400F9C3FD /* Frameworks */,
				7523BC4A1B384E9400F9C3FD /* Resources */,
			);
			buildRules = (
			);
			dependencies = (
				7523BC4E1B384E9400F9C3FD /* PBXTargetDependency */,
			);
			name = SmashTagTests;
			productName = SmashTagTests;
			productReference = 7523BC4C1B384E9400F9C3FD /* SmashTagTests.xctest */;
			productType = "com.apple.product-type.bundle.unit-test";
		};
/* End PBXNativeTarget section */

/* Begin PBXProject section */
		7523BC2F1B384E9400F9C3FD /* Project object */ = {
			isa = PBXProject;
			attributes = {
				LastUpgradeCheck = 0630;
				ORGANIZATIONNAME = "Jeff Greenberg";
				TargetAttributes = {
					7523BC361B384E9400F9C3FD = {
						CreatedOnToolsVersion = 6.3.2;
					};
					7523BC4B1B384E9400F9C3FD = {
						CreatedOnToolsVersion = 6.3.2;
						TestTargetID = 7523BC361B384E9400F9C3FD;
					};
				};
			};
			buildConfigurationList = 7523BC321B384E9400F9C3FD /* Build configuration list for PBXProject "SmashTag" */;
			compatibilityVersion = "Xcode 6.3";
			developmentRegion = English;
			hasScannedForEncodings = 0;
			knownRegions = (
				en,
				Base,
			);
			mainGroup = 7523BC2E1B384E9400F9C3FD;
			productRefGroup = 7523BC381B384E9400F9C3FD /* Products */;
			projectDirPath = "";
			projectRoot = "";
			targets = (
				7523BC361B384E9400F9C3FD /* SmashTag */,
				7523BC4B1B384E9400F9C3FD /* SmashTagTests */,
			);
		};
/* End PBXProject section */

/* Begin PBXResourcesBuildPhase section */
		7523BC351B384E9400F9C3FD /* Resources */ = {
			isa = PBXResourcesBuildPhase;
			buildActionMask = 2147483647;
			files = (
				7523BC421B384E9400F9C3FD /* Main.storyboard in Resources */,
				7523BC471B384E9400F9C3FD /* LaunchScreen.xib in Resources */,
				7523BC441B384E9400F9C3FD /* Images.xcassets in Resources */,
			);
			runOnlyForDeploymentPostprocessing = 0;
		};
		7523BC4A1B384E9400F9C3FD /* Resources */ = {
			isa = PBXResourcesBuildPhase;
			buildActionMask = 2147483647;
			files = (
			);
			runOnlyForDeploymentPostprocessing = 0;
		};
/* End PBXResourcesBuildPhase section */

/* Begin PBXSourcesBuildPhase section */
		7523BC331B384E9400F9C3FD /* Sources */ = {
			isa = PBXSourcesBuildPhase;
			buildActionMask = 2147483647;
			files = (
				754C4FCA1B3B5C6D00027D05 /* TweetMentionTableViewController.swift in Sources */,
				7523BC5D1B384F8400F9C3FD /* TweetTableViewController.swift in Sources */,
				75F192FD1B3860A400DE81D5 /* Tweet.swift in Sources */,
				75F192FC1B3860A400DE81D5 /* MediaItem.swift in Sources */,
				7523BC3F1B384E9400F9C3FD /* ViewController.swift in Sources */,
				7523BC3D1B384E9400F9C3FD /* AppDelegate.swift in Sources */,
				752379B41B3F8FCE00EEFEB9 /* ScrollableImageViewController.swift in Sources */,
				75F192FE1B3860A400DE81D5 /* TwitterRequest.swift in Sources */,
				75F192FF1B3860A400DE81D5 /* User.swift in Sources */,
				754C4FCC1B3BB4D300027D05 /* MentionTableViewCell.swift in Sources */,
				755641CA1B386DF5007F964F /* TweetTableViewCell.swift in Sources */,
			);
			runOnlyForDeploymentPostprocessing = 0;
		};
		7523BC481B384E9400F9C3FD /* Sources */ = {
			isa = PBXSourcesBuildPhase;
			buildActionMask = 2147483647;
			files = (
				7523BC531B384E9400F9C3FD /* SmashTagTests.swift in Sources */,
			);
			runOnlyForDeploymentPostprocessing = 0;
		};
/* End PBXSourcesBuildPhase section */

/* Begin PBXTargetDependency section */
		7523BC4E1B384E9400F9C3FD /* PBXTargetDependency */ = {
			isa = PBXTargetDependency;
			target = 7523BC361B384E9400F9C3FD /* SmashTag */;
			targetProxy = 7523BC4D1B384E9400F9C3FD /* PBXContainerItemProxy */;
		};
/* End PBXTargetDependency section */

/* Begin PBXVariantGroup section */
		7523BC401B384E9400F9C3FD /* Main.storyboard */ = {
			isa = PBXVariantGroup;
			children = (
				7523BC411B384E9400F9C3FD /* Base */,
			);
			name = Main.storyboard;
			sourceTree = "<group>";
		};
		7523BC451B384E9400F9C3FD /* LaunchScreen.xib */ = {
			isa = PBXVariantGroup;
			children = (
				7523BC461B384E9400F9C3FD /* Base */,
			);
			name = LaunchScreen.xib;
			sourceTree = "<group>";
		};
/* End PBXVariantGroup section */

/* Begin XCBuildConfiguration section */
		7523BC541B384E9400F9C3FD /* Debug */ = {
			isa = XCBuildConfiguration;
			buildSettings = {
				ALWAYS_SEARCH_USER_PATHS = NO;
				CLANG_CXX_LANGUAGE_STANDARD = "gnu++0x";
				CLANG_CXX_LIBRARY = "libc++";
				CLANG_ENABLE_MODULES = YES;
				CLANG_ENABLE_OBJC_ARC = YES;
				CLANG_WARN_BOOL_CONVERSION = YES;
				CLANG_WARN_CONSTANT_CONVERSION = YES;
				CLANG_WARN_DIRECT_OBJC_ISA_USAGE = YES_ERROR;
				CLANG_WARN_EMPTY_BODY = YES;
				CLANG_WARN_ENUM_CONVERSION = YES;
				CLANG_WARN_INT_CONVERSION = YES;
				CLANG_WARN_OBJC_ROOT_CLASS = YES_ERROR;
				CLANG_WARN_UNREACHABLE_CODE = YES;
				CLANG_WARN__DUPLICATE_METHOD_MATCH = YES;
				"CODE_SIGN_IDENTITY[sdk=iphoneos*]" = "iPhone Developer";
				COPY_PHASE_STRIP = NO;
				DEBUG_INFORMATION_FORMAT = "dwarf-with-dsym";
				ENABLE_STRICT_OBJC_MSGSEND = YES;
				GCC_C_LANGUAGE_STANDARD = gnu99;
				GCC_DYNAMIC_NO_PIC = NO;
				GCC_NO_COMMON_BLOCKS = YES;
				GCC_OPTIMIZATION_LEVEL = 0;
				GCC_PREPROCESSOR_DEFINITIONS = (
					"DEBUG=1",
					"$(inherited)",
				);
				GCC_SYMBOLS_PRIVATE_EXTERN = NO;
				GCC_WARN_64_TO_32_BIT_CONVERSION = YES;
				GCC_WARN_ABOUT_RETURN_TYPE = YES_ERROR;
				GCC_WARN_UNDECLARED_SELECTOR = YES;
				GCC_WARN_UNINITIALIZED_AUTOS = YES_AGGRESSIVE;
				GCC_WARN_UNUSED_FUNCTION = YES;
				GCC_WARN_UNUSED_VARIABLE = YES;
				IPHONEOS_DEPLOYMENT_TARGET = 8.3;
				MTL_ENABLE_DEBUG_INFO = YES;
				ONLY_ACTIVE_ARCH = YES;
				SDKROOT = iphoneos;
				SWIFT_OPTIMIZATION_LEVEL = "-Onone";
				TARGETED_DEVICE_FAMILY = "1,2";
			};
			name = Debug;
		};
		7523BC551B384E9400F9C3FD /* Release */ = {
			isa = XCBuildConfiguration;
			buildSettings = {
				ALWAYS_SEARCH_USER_PATHS = NO;
				CLANG_CXX_LANGUAGE_STANDARD = "gnu++0x";
				CLANG_CXX_LIBRARY = "libc++";
				CLANG_ENABLE_MODULES = YES;
				CLANG_ENABLE_OBJC_ARC = YES;
				CLANG_WARN_BOOL_CONVERSION = YES;
				CLANG_WARN_CONSTANT_CONVERSION = YES;
				CLANG_WARN_DIRECT_OBJC_ISA_USAGE = YES_ERROR;
				CLANG_WARN_EMPTY_BODY = YES;
				CLANG_WARN_ENUM_CONVERSION = YES;
				CLANG_WARN_INT_CONVERSION = YES;
				CLANG_WARN_OBJC_ROOT_CLASS = YES_ERROR;
				CLANG_WARN_UNREACHABLE_CODE = YES;
				CLANG_WARN__DUPLICATE_METHOD_MATCH = YES;
				"CODE_SIGN_IDENTITY[sdk=iphoneos*]" = "iPhone Developer";
				COPY_PHASE_STRIP = NO;
				DEBUG_INFORMATION_FORMAT = "dwarf-with-dsym";
				ENABLE_NS_ASSERTIONS = NO;
				ENABLE_STRICT_OBJC_MSGSEND = YES;
				GCC_C_LANGUAGE_STANDARD = gnu99;
				GCC_NO_COMMON_BLOCKS = YES;
				GCC_WARN_64_TO_32_BIT_CONVERSION = YES;
				GCC_WARN_ABOUT_RETURN_TYPE = YES_ERROR;
				GCC_WARN_UNDECLARED_SELECTOR = YES;
				GCC_WARN_UNINITIALIZED_AUTOS = YES_AGGRESSIVE;
				GCC_WARN_UNUSED_FUNCTION = YES;
				GCC_WARN_UNUSED_VARIABLE = YES;
				IPHONEOS_DEPLOYMENT_TARGET = 8.3;
				MTL_ENABLE_DEBUG_INFO = NO;
				SDKROOT = iphoneos;
				TARGETED_DEVICE_FAMILY = "1,2";
				VALIDATE_PRODUCT = YES;
			};
			name = Release;
		};
		7523BC571B384E9400F9C3FD /* Debug */ = {
			isa = XCBuildConfiguration;
			buildSettings = {
				ASSETCATALOG_COMPILER_APPICON_NAME = AppIcon;
				INFOPLIST_FILE = SmashTag/Info.plist;
				LD_RUNPATH_SEARCH_PATHS = "$(inherited) @executable_path/Frameworks";
				PRODUCT_NAME = "$(TARGET_NAME)";
			};
			name = Debug;
		};
		7523BC581B384E9400F9C3FD /* Release */ = {
			isa = XCBuildConfiguration;
			buildSettings = {
				ASSETCATALOG_COMPILER_APPICON_NAME = AppIcon;
				INFOPLIST_FILE = SmashTag/Info.plist;
				LD_RUNPATH_SEARCH_PATHS = "$(inherited) @executable_path/Frameworks";
				PRODUCT_NAME = "$(TARGET_NAME)";
			};
			name = Release;
		};
		7523BC5A1B384E9400F9C3FD /* Debug */ = {
			isa = XCBuildConfiguration;
			buildSettings = {
				BUNDLE_LOADER = "$(TEST_HOST)";
				FRAMEWORK_SEARCH_PATHS = (
					"$(SDKROOT)/Developer/Library/Frameworks",
					"$(inherited)",
				);
				GCC_PREPROCESSOR_DEFINITIONS = (
					"DEBUG=1",
					"$(inherited)",
				);
				INFOPLIST_FILE = SmashTagTests/Info.plist;
				LD_RUNPATH_SEARCH_PATHS = "$(inherited) @executable_path/Frameworks @loader_path/Frameworks";
				PRODUCT_NAME = "$(TARGET_NAME)";
				TEST_HOST = "$(BUILT_PRODUCTS_DIR)/SmashTag.app/SmashTag";
			};
			name = Debug;
		};
		7523BC5B1B384E9400F9C3FD /* Release */ = {
			isa = XCBuildConfiguration;
			buildSettings = {
				BUNDLE_LOADER = "$(TEST_HOST)";
				FRAMEWORK_SEARCH_PATHS = (
					"$(SDKROOT)/Developer/Library/Frameworks",
					"$(inherited)",
				);
				INFOPLIST_FILE = SmashTagTests/Info.plist;
				LD_RUNPATH_SEARCH_PATHS = "$(inherited) @executable_path/Frameworks @loader_path/Frameworks";
				PRODUCT_NAME = "$(TARGET_NAME)";
				TEST_HOST = "$(BUILT_PRODUCTS_DIR)/SmashTag.app/SmashTag";
			};
			name = Release;
		};
/* End XCBuildConfiguration section */

/* Begin XCConfigurationList section */
		7523BC321B384E9400F9C3FD /* Build configuration list for PBXProject "SmashTag" */ = {
			isa = XCConfigurationList;
			buildConfigurations = (
				7523BC541B384E9400F9C3FD /* Debug */,
				7523BC551B384E9400F9C3FD /* Release */,
			);
			defaultConfigurationIsVisible = 0;
			defaultConfigurationName = Release;
		};
		7523BC561B384E9400F9C3FD /* Build configuration list for PBXNativeTarget "SmashTag" */ = {
			isa = XCConfigurationList;
			buildConfigurations = (
				7523BC571B384E9400F9C3FD /* Debug */,
				7523BC581B384E9400F9C3FD /* Release */,
			);
			defaultConfigurationIsVisible = 0;
			defaultConfigurationName = Release;
		};
		7523BC591B384E9400F9C3FD /* Build configuration list for PBXNativeTarget "SmashTagTests" */ = {
			isa = XCConfigurationList;
			buildConfigurations = (
				7523BC5A1B384E9400F9C3FD /* Debug */,
				7523BC5B1B384E9400F9C3FD /* Release */,
			);
			defaultConfigurationIsVisible = 0;
			defaultConfigurationName = Release;
		};
/* End XCConfigurationList section */
	};
	rootObject = 7523BC2F1B384E9400F9C3FD /* Project object */;
}
